
Microsoft Visual Studio Solution File, Format Version 11.00
# Visual Studio 2010
Project("{FAE04EC0-301F-11D3-BF4B-00C04F79EFBC}") = "Scenester", "Scenester\Scenester.csproj", "{8B3C6BAF-ADD2-456E-9A96-56E3573FA83F}"
EndProject
Global
	GlobalSection(SolutionConfigurationPlatforms) = preSolution
		Debug|x86 = Debug|x86
		Release|x86 = Release|x86
	EndGlobalSection
	GlobalSection(ProjectConfigurationPlatforms) = postSolution
		{8B3C6BAF-ADD2-456E-9A96-56E3573FA83F}.Debug|x86.ActiveCfg = Debug|x86
		{8B3C6BAF-ADD2-456E-9A96-56E3573FA83F}.Debug|x86.Build.0 = Debug|x86
		{8B3C6BAF-ADD2-456E-9A96-56E3573FA83F}.Release|x86.ActiveCfg = Release|x86
		{8B3C6BAF-ADD2-456E-9A96-56E3573FA83F}.Release|x86.Build.0 = Release|x86
	EndGlobalSection
	GlobalSection(SolutionProperties) = preSolution
		HideSolutionNode = FALSE
	EndGlobalSection
EndGlobal
